
Microsoft Visual Studio Solution File, Format Version 11.00
# Visual Studio 2010
Project("{FAE04EC0-301F-11D3-BF4B-00C04F79EFBC}") = "iCafe.Core", "iCafe.Core\iCafe.Core.csproj", "{6066CE2C-86FB-4B09-AD98-70ED46260CF6}"
EndProject
Project("{FAE04EC0-301F-11D3-BF4B-00C04F79EFBC}") = "iCafe.DAL", "iCafe.DAL\iCafe.DAL.csproj", "{017E4FBA-EA05-4AA8-85BE-0401EF9DCB09}"
EndProject
Project("{FAE04EC0-301F-11D3-BF4B-00C04F79EFBC}") = "iCafe.Models", "iCafe.Models\iCafe.Models.csproj", "{44F4FB05-62FB-470C-ACEA-182DB549C0F1}"
EndProject
Project("{FAE04EC0-301F-11D3-BF4B-00C04F79EFBC}") = "iCafe.Repositories", "iCafe.Repositories\iCafe.Repositories.csproj", "{6D31B096-F9C4-4BA0-903F-9F380BB90071}"
EndProject
Global
	GlobalSection(SolutionConfigurationPlatforms) = preSolution
		Debug|Any CPU = Debug|Any CPU
		Release|Any CPU = Release|Any CPU
	EndGlobalSection
	GlobalSection(ProjectConfigurationPlatforms) = postSolution
		{6066CE2C-86FB-4B09-AD98-70ED46260CF6}.Debug|Any CPU.ActiveCfg = Debug|Any CPU
		{6066CE2C-86FB-4B09-AD98-70ED46260CF6}.Debug|Any CPU.Build.0 = Debug|Any CPU
		{6066CE2C-86FB-4B09-AD98-70ED46260CF6}.Release|Any CPU.ActiveCfg = Release|Any CPU
		{6066CE2C-86FB-4B09-AD98-70ED46260CF6}.Release|Any CPU.Build.0 = Release|Any CPU
		{017E4FBA-EA05-4AA8-85BE-0401EF9DCB09}.Debug|Any CPU.ActiveCfg = Debug|Any CPU
		{017E4FBA-EA05-4AA8-85BE-0401EF9DCB09}.Debug|Any CPU.Build.0 = Debug|Any CPU
		{017E4FBA-EA05-4AA8-85BE-0401EF9DCB09}.Release|Any CPU.ActiveCfg = Release|Any CPU
		{017E4FBA-EA05-4AA8-85BE-0401EF9DCB09}.Release|Any CPU.Build.0 = Release|Any CPU
		{44F4FB05-62FB-470C-ACEA-182DB549C0F1}.Debug|Any CPU.ActiveCfg = Debug|Any CPU
		{44F4FB05-62FB-470C-ACEA-182DB549C0F1}.Debug|Any CPU.Build.0 = Debug|Any CPU
		{44F4FB05-62FB-470C-ACEA-182DB549C0F1}.Release|Any CPU.ActiveCfg = Release|Any CPU
		{44F4FB05-62FB-470C-ACEA-182DB549C0F1}.Release|Any CPU.Build.0 = Release|Any CPU
		{6D31B096-F9C4-4BA0-903F-9F380BB90071}.Debug|Any CPU.ActiveCfg = Debug|Any CPU
		{6D31B096-F9C4-4BA0-903F-9F380BB90071}.Debug|Any CPU.Build.0 = Debug|Any CPU
		{6D31B096-F9C4-4BA0-903F-9F380BB90071}.Release|Any CPU.ActiveCfg = Release|Any CPU
		{6D31B096-F9C4-4BA0-903F-9F380BB90071}.Release|Any CPU.Build.0 = Release|Any CPU
	EndGlobalSection
	GlobalSection(SolutionProperties) = preSolution
		HideSolutionNode = FALSE
	EndGlobalSection
EndGlobal
